
Microsoft Visual Studio Solution File, Format Version 12.00
# Visual Studio Version 17
VisualStudioVersion = 17.9.34714.143
MinimumVisualStudioVersion = 10.0.40219.1
Project("{9A19103F-16F7-4668-BE54-9A1E7A4F7556}") = "Task16", "Task16\Task16.csproj", "{25C1215A-1B37-4911-89FA-F2DBE9E515BB}"
	ProjectSection(ProjectDependencies) = postProject
		{9051E253-6551-494D-A3D5-FD942F3151A3} = {9051E253-6551-494D-A3D5-FD942F3151A3}
	EndProjectSection
EndProject
Project("{9A19103F-16F7-4668-BE54-9A1E7A4F7556}") = "WPFUsefullThings", "WPFUsefullThings\WPFUsefullThings.csproj", "{9051E253-6551-494D-A3D5-FD942F3151A3}"
EndProject
Global
	GlobalSection(SolutionConfigurationPlatforms) = preSolution
		Debug|Any CPU = Debug|Any CPU
		Release|Any CPU = Release|Any CPU
	EndGlobalSection
	GlobalSection(ProjectConfigurationPlatforms) = postSolution
		{25C1215A-1B37-4911-89FA-F2DBE9E515BB}.Debug|Any CPU.ActiveCfg = Debug|Any CPU
		{25C1215A-1B37-4911-89FA-F2DBE9E515BB}.Debug|Any CPU.Build.0 = Debug|Any CPU
		{25C1215A-1B37-4911-89FA-F2DBE9E515BB}.Release|Any CPU.ActiveCfg = Release|Any CPU
		{25C1215A-1B37-4911-89FA-F2DBE9E515BB}.Release|Any CPU.Build.0 = Release|Any CPU
		{9051E253-6551-494D-A3D5-FD942F3151A3}.Debug|Any CPU.ActiveCfg = Debug|Any CPU
		{9051E253-6551-494D-A3D5-FD942F3151A3}.Debug|Any CPU.Build.0 = Debug|Any CPU
		{9051E253-6551-494D-A3D5-FD942F3151A3}.Release|Any CPU.ActiveCfg = Release|Any CPU
		{9051E253-6551-494D-A3D5-FD942F3151A3}.Release|Any CPU.Build.0 = Release|Any CPU
	EndGlobalSection
	GlobalSection(SolutionProperties) = preSolution
		HideSolutionNode = FALSE
	EndGlobalSection
	GlobalSection(ExtensibilityGlobals) = postSolution
		SolutionGuid = {717C5DFF-CFE1-47F1-ABCA-7AA6D366C6A6}
	EndGlobalSection
EndGlobal
